// !$*UTF8*$!
{
	archiveVersion = 1;
	classes = {
	};
	objectVersion = 46;
	objects = {

/* Begin PBXBuildFile section */
		EF336EB01EB0703E00295676 /* AppDelegate.swift in Sources */ = {isa = PBXBuildFile; fileRef = EF336EAF1EB0703E00295676 /* AppDelegate.swift */; };
		EF336EB21EB0703E00295676 /* ViewController.swift in Sources */ = {isa = PBXBuildFile; fileRef = EF336EB11EB0703E00295676 /* ViewController.swift */; };
		EF336EB51EB0703E00295676 /* Main.storyboard in Resources */ = {isa = PBXBuildFile; fileRef = EF336EB31EB0703E00295676 /* Main.storyboard */; };
		EF336EB81EB0703E00295676 /* CollectionViewDemo.xcdatamodeld in Sources */ = {isa = PBXBuildFile; fileRef = EF336EB61EB0703E00295676 /* CollectionViewDemo.xcdatamodeld */; };
		EF336EBA1EB0703E00295676 /* Assets.xcassets in Resources */ = {isa = PBXBuildFile; fileRef = EF336EB91EB0703E00295676 /* Assets.xcassets */; };
		EF336EBD1EB0703E00295676 /* LaunchScreen.storyboard in Resources */ = {isa = PBXBuildFile; fileRef = EF336EBB1EB0703E00295676 /* LaunchScreen.storyboard */; };
		EF336EC81EB0703E00295676 /* CollectionViewDemoTests.swift in Sources */ = {isa = PBXBuildFile; fileRef = EF336EC71EB0703E00295676 /* CollectionViewDemoTests.swift */; };
		EF336ED31EB0703E00295676 /* CollectionViewDemoUITests.swift in Sources */ = {isa = PBXBuildFile; fileRef = EF336ED21EB0703E00295676 /* CollectionViewDemoUITests.swift */; };
		EF336EE11EB072A500295676 /* MyCollectionViewCell.swift in Sources */ = {isa = PBXBuildFile; fileRef = EF336EE01EB072A500295676 /* MyCollectionViewCell.swift */; };
/* End PBXBuildFile section */

/* Begin PBXContainerItemProxy section */
		EF336EC41EB0703E00295676 /* PBXContainerItemProxy */ = {
			isa = PBXContainerItemProxy;
			containerPortal = EF336EA41EB0703D00295676 /* Project object */;
			proxyType = 1;
			remoteGlobalIDString = EF336EAB1EB0703D00295676;
			remoteInfo = CollectionViewDemo;
		};
		EF336ECF1EB0703E00295676 /* PBXContainerItemProxy */ = {
			isa = PBXContainerItemProxy;
			containerPortal = EF336EA41EB0703D00295676 /* Project object */;
			proxyType = 1;
			remoteGlobalIDString = EF336EAB1EB0703D00295676;
			remoteInfo = CollectionViewDemo;
		};
/* End PBXContainerItemProxy section */

/* Begin PBXFileReference section */
		EF336EAC1EB0703D00295676 /* CollectionViewDemo.app */ = {isa = PBXFileReference; explicitFileType = wrapper.application; includeInIndex = 0; path = CollectionViewDemo.app; sourceTree = BUILT_PRODUCTS_DIR; };
		EF336EAF1EB0703E00295676 /* AppDelegate.swift */ = {isa = PBXFileReference; lastKnownFileType = sourcecode.swift; path = AppDelegate.swift; sourceTree = "<group>"; };
		EF336EB11EB0703E00295676 /* ViewController.swift */ = {isa = PBXFileReference; lastKnownFileType = sourcecode.swift; path = ViewController.swift; sourceTree = "<group>"; };
		EF336EB41EB0703E00295676 /* Base */ = {isa = PBXFileReference; lastKnownFileType = file.storyboard; name = Base; path = Base.lproj/Main.storyboard; sourceTree = "<group>"; };
		EF336EB71EB0703E00295676 /* CollectionViewDemo.xcdatamodel */ = {isa = PBXFileReference; lastKnownFileType = wrapper.xcdatamodel; path = CollectionViewDemo.xcdatamodel; sourceTree = "<group>"; };
		EF336EB91EB0703E00295676 /* Assets.xcassets */ = {isa = PBXFileReference; lastKnownFileType = folder.assetcatalog; path = Assets.xcassets; sourceTree = "<group>"; };
		EF336EBC1EB0703E00295676 /* Base */ = {isa = PBXFileReference; lastKnownFileType = file.storyboard; name = Base; path = Base.lproj/LaunchScreen.storyboard; sourceTree = "<group>"; };
		EF336EBE1EB0703E00295676 /* Info.plist */ = {isa = PBXFileReference; lastKnownFileType = text.plist.xml; path = Info.plist; sourceTree = "<group>"; };
		EF336EC31EB0703E00295676 /* CollectionViewDemoTests.xctest */ = {isa = PBXFileReference; explicitFileType = wrapper.cfbundle; includeInIndex = 0; path = CollectionViewDemoTests.xctest; sourceTree = BUILT_PRODUCTS_DIR; };
		EF336EC71EB0703E00295676 /* CollectionViewDemoTests.swift */ = {isa = PBXFileReference; lastKnownFileType = sourcecode.swift; path = CollectionViewDemoTests.swift; sourceTree = "<group>"; };
		EF336EC91EB0703E00295676 /* Info.plist */ = {isa = PBXFileReference; lastKnownFileType = text.plist.xml; path = Info.plist; sourceTree = "<group>"; };
		EF336ECE1EB0703E00295676 /* CollectionViewDemoUITests.xctest */ = {isa = PBXFileReference; explicitFileType = wrapper.cfbundle; includeInIndex = 0; path = CollectionViewDemoUITests.xctest; sourceTree = BUILT_PRODUCTS_DIR; };
		EF336ED21EB0703E00295676 /* CollectionViewDemoUITests.swift */ = {isa = PBXFileReference; lastKnownFileType = sourcecode.swift; path = CollectionViewDemoUITests.swift; sourceTree = "<group>"; };
		EF336ED41EB0703E00295676 /* Info.plist */ = {isa = PBXFileReference; lastKnownFileType = text.plist.xml; path = Info.plist; sourceTree = "<group>"; };
		EF336EE01EB072A500295676 /* MyCollectionViewCell.swift */ = {isa = PBXFileReference; fileEncoding = 4; lastKnownFileType = sourcecode.swift; path = MyCollectionViewCell.swift; sourceTree = "<group>"; };
/* End PBXFileReference section */

/* Begin PBXFrameworksBuildPhase section */
		EF336EA91EB0703D00295676 /* Frameworks */ = {
			isa = PBXFrameworksBuildPhase;
			buildActionMask = 2147483647;
			files = (
			);
			runOnlyForDeploymentPostprocessing = 0;
		};
		EF336EC01EB0703E00295676 /* Frameworks */ = {
			isa = PBXFrameworksBuildPhase;
			buildActionMask = 2147483647;
			files = (
			);
			runOnlyForDeploymentPostprocessing = 0;
		};
		EF336ECB1EB0703E00295676 /* Frameworks */ = {
			isa = PBXFrameworksBuildPhase;
			buildActionMask = 2147483647;
			files = (
			);
			runOnlyForDeploymentPostprocessing = 0;
		};
/* End PBXFrameworksBuildPhase section */

/* Begin PBXGroup section */
		EF336EA31EB0703D00295676 = {
			isa = PBXGroup;
			children = (
				EF336EAE1EB0703D00295676 /* CollectionViewDemo */,
				EF336EC61EB0703E00295676 /* CollectionViewDemoTests */,
				EF336ED11EB0703E00295676 /* CollectionViewDemoUITests */,
				EF336EAD1EB0703D00295676 /* Products */,
			);
			sourceTree = "<group>";
		};
		EF336EAD1EB0703D00295676 /* Products */ = {
			isa = PBXGroup;
			children = (
				EF336EAC1EB0703D00295676 /* CollectionViewDemo.app */,
				EF336EC31EB0703E00295676 /* CollectionViewDemoTests.xctest */,
				EF336ECE1EB0703E00295676 /* CollectionViewDemoUITests.xctest */,
			);
			name = Products;
			sourceTree = "<group>";
		};
		EF336EAE1EB0703D00295676 /* CollectionViewDemo */ = {
			isa = PBXGroup;
			children = (
				EF336EAF1EB0703E00295676 /* AppDelegate.swift */,
				EF336EB11EB0703E00295676 /* ViewController.swift */,
				EF336EB31EB0703E00295676 /* Main.storyboard */,
				EF336EE01EB072A500295676 /* MyCollectionViewCell.swift */,
				EF336EB91EB0703E00295676 /* Assets.xcassets */,
				EF336EBB1EB0703E00295676 /* LaunchScreen.storyboard */,
				EF336EBE1EB0703E00295676 /* Info.plist */,
				EF336EB61EB0703E00295676 /* CollectionViewDemo.xcdatamodeld */,
			);
			path = CollectionViewDemo;
			sourceTree = "<group>";
		};
		EF336EC61EB0703E00295676 /* CollectionViewDemoTests */ = {
			isa = PBXGroup;
			children = (
				EF336EC71EB0703E00295676 /* CollectionViewDemoTests.swift */,
				EF336EC91EB0703E00295676 /* Info.plist */,
			);
			path = CollectionViewDemoTests;
			sourceTree = "<group>";
		};
		EF336ED11EB0703E00295676 /* CollectionViewDemoUITests */ = {
			isa = PBXGroup;
			children = (
				EF336ED21EB0703E00295676 /* CollectionViewDemoUITests.swift */,
				EF336ED41EB0703E00295676 /* Info.plist */,
			);
			path = CollectionViewDemoUITests;
			sourceTree = "<group>";
		};
/* End PBXGroup section */

/* Begin PBXNativeTarget section */
		EF336EAB1EB0703D00295676 /* CollectionViewDemo */ = {
			isa = PBXNativeTarget;
			buildConfigurationList = EF336ED71EB0703E00295676 /* Build configuration list for PBXNativeTarget "CollectionViewDemo" */;
			buildPhases = (
				EF336EA81EB0703D00295676 /* Sources */,
				EF336EA91EB0703D00295676 /* Frameworks */,
				EF336EAA1EB0703D00295676 /* Resources */,
			);
			buildRules = (
			);
			dependencies = (
			);
			name = CollectionViewDemo;
			productName = CollectionViewDemo;
			productReference = EF336EAC1EB0703D00295676 /* CollectionViewDemo.app */;
			productType = "com.apple.product-type.application";
		};
		EF336EC21EB0703E00295676 /* CollectionViewDemoTests */ = {
			isa = PBXNativeTarget;
			buildConfigurationList = EF336EDA1EB0703E00295676 /* Build configuration list for PBXNativeTarget "CollectionViewDemoTests" */;
			buildPhases = (
				EF336EBF1EB0703E00295676 /* Sources */,
				EF336EC01EB0703E00295676 /* Frameworks */,
				EF336EC11EB0703E00295676 /* Resources */,
			);
			buildRules = (
			);
			dependencies = (
				EF336EC51EB0703E00295676 /* PBXTargetDependency */,
			);
			name = CollectionViewDemoTests;
			productName = CollectionViewDemoTests;
			productReference = EF336EC31EB0703E00295676 /* CollectionViewDemoTests.xctest */;
			productType = "com.apple.product-type.bundle.unit-test";
		};
		EF336ECD1EB0703E00295676 /* CollectionViewDemoUITests */ = {
			isa = PBXNativeTarget;
			buildConfigurationList = EF336EDD1EB0703E00295676 /* Build configuration list for PBXNativeTarget "CollectionViewDemoUITests" */;
			buildPhases = (
				EF336ECA1EB0703E00295676 /* Sources */,
				EF336ECB1EB0703E00295676 /* Frameworks */,
				EF336ECC1EB0703E00295676 /* Resources */,
			);
			buildRules = (
			);
			dependencies = (
				EF336ED01EB0703E00295676 /* PBXTargetDependency */,
			);
			name = CollectionViewDemoUITests;
			productName = CollectionViewDemoUITests;
			productReference = EF336ECE1EB0703E00295676 /* CollectionViewDemoUITests.xctest */;
			productType = "com.apple.product-type.bundle.ui-testing";
		};
/* End PBXNativeTarget section */

/* Begin PBXProject section */
		EF336EA41EB0703D00295676 /* Project object */ = {
			isa = PBXProject;
			attributes = {
				LastSwiftUpdateCheck = 0830;
				LastUpgradeCheck = 0830;
				ORGANIZATIONNAME = cntt17;
				TargetAttributes = {
					EF336EAB1EB0703D00295676 = {
						CreatedOnToolsVersion = 8.3;
						ProvisioningStyle = Automatic;
					};
					EF336EC21EB0703E00295676 = {
						CreatedOnToolsVersion = 8.3;
						ProvisioningStyle = Automatic;
						TestTargetID = EF336EAB1EB0703D00295676;
					};
					EF336ECD1EB0703E00295676 = {
						CreatedOnToolsVersion = 8.3;
						ProvisioningStyle = Automatic;
						TestTargetID = EF336EAB1EB0703D00295676;
					};
				};
			};
			buildConfigurationList = EF336EA71EB0703D00295676 /* Build configuration list for PBXProject "CollectionViewDemo" */;
			compatibilityVersion = "Xcode 3.2";
			developmentRegion = English;
			hasScannedForEncodings = 0;
			knownRegions = (
				en,
				Base,
			);
			mainGroup = EF336EA31EB0703D00295676;
			productRefGroup = EF336EAD1EB0703D00295676 /* Products */;
			projectDirPath = "";
			projectRoot = "";
			targets = (
				EF336EAB1EB0703D00295676 /* CollectionViewDemo */,
				EF336EC21EB0703E00295676 /* CollectionViewDemoTests */,
				EF336ECD1EB0703E00295676 /* CollectionViewDemoUITests */,
			);
		};
/* End PBXProject section */

/* Begin PBXResourcesBuildPhase section */
		EF336EAA1EB0703D00295676 /* Resources */ = {
			isa = PBXResourcesBuildPhase;
			buildActionMask = 2147483647;
			files = (
				EF336EBD1EB0703E00295676 /* LaunchScreen.storyboard in Resources */,
				EF336EBA1EB0703E00295676 /* Assets.xcassets in Resources */,
				EF336EB51EB0703E00295676 /* Main.storyboard in Resources */,
			);
			runOnlyForDeploymentPostprocessing = 0;
		};
		EF336EC11EB0703E00295676 /* Resources */ = {
			isa = PBXResourcesBuildPhase;
			buildActionMask = 2147483647;
			files = (
			);
			runOnlyForDeploymentPostprocessing = 0;
		};
		EF336ECC1EB0703E00295676 /* Resources */ = {
			isa = PBXResourcesBuildPhase;
			buildActionMask = 2147483647;
			files = (
			);
			runOnlyForDeploymentPostprocessing = 0;
		};
/* End PBXResourcesBuildPhase section */

/* Begin PBXSourcesBuildPhase section */
		EF336EA81EB0703D00295676 /* Sources */ = {
			isa = PBXSourcesBuildPhase;
			buildActionMask = 2147483647;
			files = (
				EF336EB21EB0703E00295676 /* ViewController.swift in Sources */,
				EF336EB81EB0703E00295676 /* CollectionViewDemo.xcdatamodeld in Sources */,
				EF336EE11EB072A500295676 /* MyCollectionViewCell.swift in Sources */,
				EF336EB01EB0703E00295676 /* AppDelegate.swift in Sources */,
			);
			runOnlyForDeploymentPostprocessing = 0;
		};
		EF336EBF1EB0703E00295676 /* Sources */ = {
			isa = PBXSourcesBuildPhase;
			buildActionMask = 2147483647;
			files = (
				EF336EC81EB0703E00295676 /* CollectionViewDemoTests.swift in Sources */,
			);
			runOnlyForDeploymentPostprocessing = 0;
		};
		EF336ECA1EB0703E00295676 /* Sources */ = {
			isa = PBXSourcesBuildPhase;
			buildActionMask = 2147483647;
			files = (
				EF336ED31EB0703E00295676 /* CollectionViewDemoUITests.swift in Sources */,
			);
			runOnlyForDeploymentPostprocessing = 0;
		};
/* End PBXSourcesBuildPhase section */

/* Begin PBXTargetDependency section */
		EF336EC51EB0703E00295676 /* PBXTargetDependency */ = {
			isa = PBXTargetDependency;
			target = EF336EAB1EB0703D00295676 /* CollectionViewDemo */;
			targetProxy = EF336EC41EB0703E00295676 /* PBXContainerItemProxy */;
		};
		EF336ED01EB0703E00295676 /* PBXTargetDependency */ = {
			isa = PBXTargetDependency;
			target = EF336EAB1EB0703D00295676 /* CollectionViewDemo */;
			targetProxy = EF336ECF1EB0703E00295676 /* PBXContainerItemProxy */;
		};
/* End PBXTargetDependency section */

/* Begin PBXVariantGroup section */
		EF336EB31EB0703E00295676 /* Main.storyboard */ = {
			isa = PBXVariantGroup;
			children = (
				EF336EB41EB0703E00295676 /* Base */,
			);
			name = Main.storyboard;
			sourceTree = "<group>";
		};
		EF336EBB1EB0703E00295676 /* LaunchScreen.storyboard */ = {
			isa = PBXVariantGroup;
			children = (
				EF336EBC1EB0703E00295676 /* Base */,
			);
			name = LaunchScreen.storyboard;
			sourceTree = "<group>";
		};
/* End PBXVariantGroup section */

/* Begin XCBuildConfiguration section */
		EF336ED51EB0703E00295676 /* Debug */ = {
			isa = XCBuildConfiguration;
			buildSettings = {
				ALWAYS_SEARCH_USER_PATHS = NO;
				CLANG_ANALYZER_NONNULL = YES;
				CLANG_ANALYZER_NUMBER_OBJECT_CONVERSION = YES_AGGRESSIVE;
				CLANG_CXX_LANGUAGE_STANDARD = "gnu++0x";
				CLANG_CXX_LIBRARY = "libc++";
				CLANG_ENABLE_MODULES = YES;
				CLANG_ENABLE_OBJC_ARC = YES;
				CLANG_WARN_BOOL_CONVERSION = YES;
				CLANG_WARN_CONSTANT_CONVERSION = YES;
				CLANG_WARN_DIRECT_OBJC_ISA_USAGE = YES_ERROR;
				CLANG_WARN_DOCUMENTATION_COMMENTS = YES;
				CLANG_WARN_EMPTY_BODY = YES;
				CLANG_WARN_ENUM_CONVERSION = YES;
				CLANG_WARN_INFINITE_RECURSION = YES;
				CLANG_WARN_INT_CONVERSION = YES;
				CLANG_WARN_OBJC_ROOT_CLASS = YES_ERROR;
				CLANG_WARN_SUSPICIOUS_MOVE = YES;
				CLANG_WARN_UNREACHABLE_CODE = YES;
				CLANG_WARN__DUPLICATE_METHOD_MATCH = YES;
				"CODE_SIGN_IDENTITY[sdk=iphoneos*]" = "iPhone Developer";
				COPY_PHASE_STRIP = NO;
				DEBUG_INFORMATION_FORMAT = dwarf;
				ENABLE_STRICT_OBJC_MSGSEND = YES;
				ENABLE_TESTABILITY = YES;
				GCC_C_LANGUAGE_STANDARD = gnu99;
				GCC_DYNAMIC_NO_PIC = NO;
				GCC_NO_COMMON_BLOCKS = YES;
				GCC_OPTIMIZATION_LEVEL = 0;
				GCC_PREPROCESSOR_DEFINITIONS = (
					"DEBUG=1",
					"$(inherited)",
				);
				GCC_WARN_64_TO_32_BIT_CONVERSION = YES;
				GCC_WARN_ABOUT_RETURN_TYPE = YES_ERROR;
				GCC_WARN_UNDECLARED_SELECTOR = YES;
				GCC_WARN_UNINITIALIZED_AUTOS = YES_AGGRESSIVE;
				GCC_WARN_UNUSED_FUNCTION = YES;
				GCC_WARN_UNUSED_VARIABLE = YES;
				IPHONEOS_DEPLOYMENT_TARGET = 10.3;
				MTL_ENABLE_DEBUG_INFO = YES;
				ONLY_ACTIVE_ARCH = YES;
				SDKROOT = iphoneos;
				SWIFT_ACTIVE_COMPILATION_CONDITIONS = DEBUG;
				SWIFT_OPTIMIZATION_LEVEL = "-Onone";
				TARGETED_DEVICE_FAMILY = "1,2";
			};
			name = Debug;
		};
		EF336ED61EB0703E00295676 /* Release */ = {
			isa = XCBuildConfiguration;
			buildSettings = {
				ALWAYS_SEARCH_USER_PATHS = NO;
				CLANG_ANALYZER_NONNULL = YES;
				CLANG_ANALYZER_NUMBER_OBJECT_CONVERSION = YES_AGGRESSIVE;
				CLANG_CXX_LANGUAGE_STANDARD = "gnu++0x";
				CLANG_CXX_LIBRARY = "libc++";
				CLANG_ENABLE_MODULES = YES;
				CLANG_ENABLE_OBJC_ARC = YES;
				CLANG_WARN_BOOL_CONVERSION = YES;
				CLANG_WARN_CONSTANT_CONVERSION = YES;
				CLANG_WARN_DIRECT_OBJC_ISA_USAGE = YES_ERROR;
				CLANG_WARN_DOCUMENTATION_COMMENTS = YES;
				CLANG_WARN_EMPTY_BODY = YES;
				CLANG_WARN_ENUM_CONVERSION = YES;
				CLANG_WARN_INFINITE_RECURSION = YES;
				CLANG_WARN_INT_CONVERSION = YES;
				CLANG_WARN_OBJC_ROOT_CLASS = YES_ERROR;
				CLANG_WARN_SUSPICIOUS_MOVE = YES;
				CLANG_WARN_UNREACHABLE_CODE = YES;
				CLANG_WARN__DUPLICATE_METHOD_MATCH = YES;
				"CODE_SIGN_IDENTITY[sdk=iphoneos*]" = "iPhone Developer";
				COPY_PHASE_STRIP = NO;
				DEBUG_INFORMATION_FORMAT = "dwarf-with-dsym";
				ENABLE_NS_ASSERTIONS = NO;
				ENABLE_STRICT_OBJC_MSGSEND = YES;
				GCC_C_LANGUAGE_STANDARD = gnu99;
				GCC_NO_COMMON_BLOCKS = YES;
				GCC_WARN_64_TO_32_BIT_CONVERSION = YES;
				GCC_WARN_ABOUT_RETURN_TYPE = YES_ERROR;
				GCC_WARN_UNDECLARED_SELECTOR = YES;
				GCC_WARN_UNINITIALIZED_AUTOS = YES_AGGRESSIVE;
				GCC_WARN_UNUSED_FUNCTION = YES;
				GCC_WARN_UNUSED_VARIABLE = YES;
				IPHONEOS_DEPLOYMENT_TARGET = 10.3;
				MTL_ENABLE_DEBUG_INFO = NO;
				SDKROOT = iphoneos;
				SWIFT_OPTIMIZATION_LEVEL = "-Owholemodule";
				TARGETED_DEVICE_FAMILY = "1,2";
				VALIDATE_PRODUCT = YES;
			};
			name = Release;
		};
		EF336ED81EB0703E00295676 /* Debug */ = {
			isa = XCBuildConfiguration;
			buildSettings = {
				ASSETCATALOG_COMPILER_APPICON_NAME = AppIcon;
				INFOPLIST_FILE = CollectionViewDemo/Info.plist;
				LD_RUNPATH_SEARCH_PATHS = "$(inherited) @executable_path/Frameworks";
				PRODUCT_BUNDLE_IDENTIFIER = hcmute.CollectionViewDemo;
				PRODUCT_NAME = "$(TARGET_NAME)";
				SWIFT_VERSION = 3.0;
			};
			name = Debug;
		};
		EF336ED91EB0703E00295676 /* Release */ = {
			isa = XCBuildConfiguration;
			buildSettings = {
				ASSETCATALOG_COMPILER_APPICON_NAME = AppIcon;
				INFOPLIST_FILE = CollectionViewDemo/Info.plist;
				LD_RUNPATH_SEARCH_PATHS = "$(inherited) @executable_path/Frameworks";
				PRODUCT_BUNDLE_IDENTIFIER = hcmute.CollectionViewDemo;
				PRODUCT_NAME = "$(TARGET_NAME)";
				SWIFT_VERSION = 3.0;
			};
			name = Release;
		};
		EF336EDB1EB0703E00295676 /* Debug */ = {
			isa = XCBuildConfiguration;
			buildSettings = {
				ALWAYS_EMBED_SWIFT_STANDARD_LIBRARIES = YES;
				BUNDLE_LOADER = "$(TEST_HOST)";
				INFOPLIST_FILE = CollectionViewDemoTests/Info.plist;
				LD_RUNPATH_SEARCH_PATHS = "$(inherited) @executable_path/Frameworks @loader_path/Frameworks";
				PRODUCT_BUNDLE_IDENTIFIER = hcmute.CollectionViewDemoTests;
				PRODUCT_NAME = "$(TARGET_NAME)";
				SWIFT_VERSION = 3.0;
				TEST_HOST = "$(BUILT_PRODUCTS_DIR)/CollectionViewDemo.app/CollectionViewDemo";
			};
			name = Debug;
		};
		EF336EDC1EB0703E00295676 /* Release */ = {
			isa = XCBuildConfiguration;
			buildSettings = {
				ALWAYS_EMBED_SWIFT_STANDARD_LIBRARIES = YES;
				BUNDLE_LOADER = "$(TEST_HOST)";
				INFOPLIST_FILE = CollectionViewDemoTests/Info.plist;
				LD_RUNPATH_SEARCH_PATHS = "$(inherited) @executable_path/Frameworks @loader_path/Frameworks";
				PRODUCT_BUNDLE_IDENTIFIER = hcmute.CollectionViewDemoTests;
				PRODUCT_NAME = "$(TARGET_NAME)";
				SWIFT_VERSION = 3.0;
				TEST_HOST = "$(BUILT_PRODUCTS_DIR)/CollectionViewDemo.app/CollectionViewDemo";
			};
			name = Release;
		};
		EF336EDE1EB0703E00295676 /* Debug */ = {
			isa = XCBuildConfiguration;
			buildSettings = {
				ALWAYS_EMBED_SWIFT_STANDARD_LIBRARIES = YES;
				INFOPLIST_FILE = CollectionViewDemoUITests/Info.plist;
				LD_RUNPATH_SEARCH_PATHS = "$(inherited) @executable_path/Frameworks @loader_path/Frameworks";
				PRODUCT_BUNDLE_IDENTIFIER = hcmute.CollectionViewDemoUITests;
				PRODUCT_NAME = "$(TARGET_NAME)";
				SWIFT_VERSION = 3.0;
				TEST_TARGET_NAME = CollectionViewDemo;
			};
			name = Debug;
		};
		EF336EDF1EB0703E00295676 /* Release */ = {
			isa = XCBuildConfiguration;
			buildSettings = {
				ALWAYS_EMBED_SWIFT_STANDARD_LIBRARIES = YES;
				INFOPLIST_FILE = CollectionViewDemoUITests/Info.plist;
				LD_RUNPATH_SEARCH_PATHS = "$(inherited) @executable_path/Frameworks @loader_path/Frameworks";
				PRODUCT_BUNDLE_IDENTIFIER = hcmute.CollectionViewDemoUITests;
				PRODUCT_NAME = "$(TARGET_NAME)";
				SWIFT_VERSION = 3.0;
				TEST_TARGET_NAME = CollectionViewDemo;
			};
			name = Release;
		};
/* End XCBuildConfiguration section */

/* Begin XCConfigurationList section */
		EF336EA71EB0703D00295676 /* Build configuration list for PBXProject "CollectionViewDemo" */ = {
			isa = XCConfigurationList;
			buildConfigurations = (
				EF336ED51EB0703E00295676 /* Debug */,
				EF336ED61EB0703E00295676 /* Release */,
			);
			defaultConfigurationIsVisible = 0;
			defaultConfigurationName = Release;
		};
		EF336ED71EB0703E00295676 /* Build configuration list for PBXNativeTarget "CollectionViewDemo" */ = {
			isa = XCConfigurationList;
			buildConfigurations = (
				EF336ED81EB0703E00295676 /* Debug */,
				EF336ED91EB0703E00295676 /* Release */,
			);
			defaultConfigurationIsVisible = 0;
		};
		EF336EDA1EB0703E00295676 /* Build configuration list for PBXNativeTarget "CollectionViewDemoTests" */ = {
			isa = XCConfigurationList;
			buildConfigurations = (
				EF336EDB1EB0703E00295676 /* Debug */,
				EF336EDC1EB0703E00295676 /* Release */,
			);
			defaultConfigurationIsVisible = 0;
		};
		EF336EDD1EB0703E00295676 /* Build configuration list for PBXNativeTarget "CollectionViewDemoUITests" */ = {
			isa = XCConfigurationList;
			buildConfigurations = (
				EF336EDE1EB0703E00295676 /* Debug */,
				EF336EDF1EB0703E00295676 /* Release */,
			);
			defaultConfigurationIsVisible = 0;
		};
/* End XCConfigurationList section */

/* Begin XCVersionGroup section */
		EF336EB61EB0703E00295676 /* CollectionViewDemo.xcdatamodeld */ = {
			isa = XCVersionGroup;
			children = (
				EF336EB71EB0703E00295676 /* CollectionViewDemo.xcdatamodel */,
			);
			currentVersion = EF336EB71EB0703E00295676 /* CollectionViewDemo.xcdatamodel */;
			path = CollectionViewDemo.xcdatamodeld;
			sourceTree = "<group>";
			versionGroupType = wrapper.xcdatamodel;
		};
/* End XCVersionGroup section */
	};
	rootObject = EF336EA41EB0703D00295676 /* Project object */;
}
